<?xml version="1.0" encoding="utf-8"?>
<Project ToolsVersion="4.0" xmlns="http://schemas.microsoft.com/developer/msbuild/2003">
  <ItemGroup>
    <Filter Include="Source">
      <UniqueIdentifier>{4FC737F1-C7A5-4376-A066-2A32D752A2FF}</UniqueIdentifier>
      <Extensions>qml;cpp;c;cc;cxx;def;odl;idl;hpj;bat;asm;asmx</Extensions>
    </Filter>
    <Filter Include="Translation">
      <UniqueIdentifier>{639EADAA-A684-42e4-A9AD-28FC9BCB8F7C}</UniqueIdentifier>
      <Extensions>ts</Extensions>
    </Filter>
    <Filter Include="Source\Preview">
      <UniqueIdentifier>{ebe74914-e259-4ef3-8569-7bdfb34f58d2}</UniqueIdentifier>
    </Filter>
    <Filter Include="Source\Editor">
      <UniqueIdentifier>{e30ec776-d711-4399-afbf-081ee41eaef8}</UniqueIdentifier>
    </Filter>
    <Filter Include="Source\Splitter">
      <UniqueIdentifier>{82d7f2e5-d306-46a3-b618-c5f2630c3e6f}</UniqueIdentifier>
    </Filter>
    <Filter Include="Source\Tree">
      <UniqueIdentifier>{e55978b7-707a-49f4-86c0-98357a246181}</UniqueIdentifier>
    </Filter>
    <Filter Include="Resources">
      <UniqueIdentifier>{67DA6AB6-F800-4c08-8B7A-83BB121AAD01}</UniqueIdentifier>
      <Extensions>qrc;rc;ico;cur;bmp;dlg;rc2;rct;bin;rgs;gif;jpg;jpeg;jpe;resx;tiff;tif;png;wav;mfcribbon-ms</Extensions>
    </Filter>
    <Filter Include="Source\Common">
      <UniqueIdentifier>{fd287913-ab0b-46c5-9b7f-2afd98a423e1}</UniqueIdentifier>
    </Filter>
  </ItemGroup>
  <ItemGroup>
    <None Include="Cpp.hint" />
    <None Include="..\README.md" />
    <None Include="..\.gitignore" />
  </ItemGroup>
  <ItemGroup>
    <QtMoc Include="source\MainWindow.h">
      <Filter>Source</Filter>
    </QtMoc>
    <QtMoc Include="source\splitter\Splitter.h">
      <Filter>Source\Splitter</Filter>
    </QtMoc>
    <QtMoc Include="source\splitter\TrueSplitter.hpp">
      <Filter>Source\Splitter</Filter>
    </QtMoc>
    <QtMoc Include="source\StartCop.hpp">
      <Filter>Source</Filter>
    </QtMoc>
    <QtMoc Include="source\editor\Editor.hpp">
      <Filter>Source\Editor</Filter>
    </QtMoc>
    <QtMoc Include="source\editor\TrueEditor.h">
      <Filter>Source\Editor</Filter>
    </QtMoc>
  </ItemGroup>
  <ItemGroup>
    <ClCompile Include="source\Main.cpp">
      <Filter>Source</Filter>
    </ClCompile>
    <ClCompile Include="source\MainWindow.cpp">
      <Filter>Source</Filter>
    </ClCompile>
    <ClCompile Include="source\splitter\Splitter.cpp">
      <Filter>Source\Splitter</Filter>
    </ClCompile>
    <ClCompile Include="source\editor\LineNumberArea.cpp">
      <Filter>Source\Editor</Filter>
    </ClCompile>
    <ClCompile Include="source\editor\TrueEditor.cpp">
      <Filter>Source\Editor</Filter>
    </ClCompile>
  </ItemGroup>
  <ItemGroup>
    <ClInclude Include="source\preview\WebDocument.hpp">
      <Filter>Source\Preview</Filter>
    </ClInclude>
    <ClInclude Include="source\preview\WebEnginePage.hpp">
      <Filter>Source\Preview</Filter>
    </ClInclude>
    <ClInclude Include="source\preview\WebEngineView.hpp">
      <Filter>Source\Preview</Filter>
    </ClInclude>
    <ClInclude Include="source\preview\Preview.hpp">
      <Filter>Source\Preview</Filter>
    </ClInclude>
    <ClInclude Include="source\splitter\SplitterHandle.hpp">
      <Filter>Source\Splitter</Filter>
    </ClInclude>
    <ClInclude Include="source\Version.hpp">
      <Filter>Source</Filter>
    </ClInclude>
    <ClInclude Include="source\editor\LineNumberArea.h">
      <Filter>Source\Editor</Filter>
    </ClInclude>
    <ClInclude Include="source\tree\StyledItemDelegate.hpp">
      <Filter>Source\Tree</Filter>
    </ClInclude>
    <ClInclude Include="source\tree\Tree.hpp">
      <Filter>Source\Tree</Filter>
    </ClInclude>
    <ClInclude Include="source\common\Layout.hpp">
      <Filter>Source\Common</Filter>
    </ClInclude>
  </ItemGroup>
  <ItemGroup>
    <ResourceCompile Include="resources\Resource.rc">
      <Filter>Resources</Filter>
    </ResourceCompile>
  </ItemGroup>
</Project>