<?xml version="1.0" encoding="utf-8"?>
<Project ToolsVersion="4.0" xmlns="http://schemas.microsoft.com/developer/msbuild/2003">
  <ItemGroup>
    <Filter Include="Source">
      <UniqueIdentifier>{4FC737F1-C7A5-4376-A066-2A32D752A2FF}</UniqueIdentifier>
      <Extensions>qml;cpp;c;cc;cxx;def;odl;idl;hpj;bat;asm;asmx</Extensions>
    </Filter>
    <Filter Include="Translation">
      <UniqueIdentifier>{639EADAA-A684-42e4-A9AD-28FC9BCB8F7C}</UniqueIdentifier>
      <Extensions>ts</Extensions>
    </Filter>
    <Filter Include="Source\Preview">
      <UniqueIdentifier>{ebe74914-e259-4ef3-8569-7bdfb34f58d2}</UniqueIdentifier>
    </Filter>
    <Filter Include="Source\Editor">
      <UniqueIdentifier>{e30ec776-d711-4399-afbf-081ee41eaef8}</UniqueIdentifier>
    </Filter>
    <Filter Include="Source\Splitter">
      <UniqueIdentifier>{82d7f2e5-d306-46a3-b618-c5f2630c3e6f}</UniqueIdentifier>
    </Filter>
    <Filter Include="Source\Tree">
      <UniqueIdentifier>{e55978b7-707a-49f4-86c0-98357a246181}</UniqueIdentifier>
    </Filter>
    <Filter Include="Resources">
      <UniqueIdentifier>{67DA6AB6-F800-4c08-8B7A-83BB121AAD01}</UniqueIdentifier>
      <Extensions>qrc;rc;ico;cur;bmp;dlg;rc2;rct;bin;rgs;gif;jpg;jpeg;jpe;resx;tiff;tif;png;wav;mfcribbon-ms</Extensions>
    </Filter>
    <Filter Include="Source\Common">
      <UniqueIdentifier>{fd287913-ab0b-46c5-9b7f-2afd98a423e1}</UniqueIdentifier>
    </Filter>
    <Filter Include="Source\Menu">
      <UniqueIdentifier>{cf7edd88-3cc2-40a1-ae98-d087bc88fa10}</UniqueIdentifier>
    </Filter>
    <Filter Include="Resources\Stylist">
      <UniqueIdentifier>{e0d401ed-2981-400b-bdc3-f88077792799}</UniqueIdentifier>
    </Filter>
    <Filter Include="Source\User">
      <UniqueIdentifier>{2b037859-aa2a-44e5-a02f-b50dc09f1bc3}</UniqueIdentifier>
    </Filter>
    <Filter Include="Notes">
      <UniqueIdentifier>{7779faed-9209-4cf7-98f8-545bb5e086c8}</UniqueIdentifier>
    </Filter>
  </ItemGroup>
  <ItemGroup>
    <None Include="..\README.md" />
    <None Include="..\.gitignore" />
    <None Include="resources\stylist\MainWindowBase.qss">
      <Filter>Resources\Stylist</Filter>
    </None>
    <None Include="resources\stylist\Editor.qss">
      <Filter>Resources\Stylist</Filter>
    </None>
    <None Include="resources\stylist\EditorBase.qss">
      <Filter>Resources\Stylist</Filter>
    </None>
    <None Include="resources\stylist\MainWindow.qss">
      <Filter>Resources\Stylist</Filter>
    </None>
    <None Include="notes\Snippets.md">
      <Filter>Notes</Filter>
    </None>
    <None Include="cpp.hint" />
  </ItemGroup>
  <ItemGroup>
    <QtMoc Include="source\MainWindow.h">
      <Filter>Source</Filter>
    </QtMoc>
    <QtMoc Include="source\splitter\Splitter.h">
      <Filter>Source\Splitter</Filter>
    </QtMoc>
    <QtMoc Include="source\splitter\TrueSplitter.hpp">
      <Filter>Source\Splitter</Filter>
    </QtMoc>
    <QtMoc Include="source\editor\Editor.hpp">
      <Filter>Source\Editor</Filter>
    </QtMoc>
    <QtMoc Include="source\editor\TrueEditor.h">
      <Filter>Source\Editor</Filter>
    </QtMoc>
    <QtMoc Include="source\Indicator.h">
      <Filter>Source</Filter>
    </QtMoc>
    <QtMoc Include="source\LaunchCop.hpp">
      <Filter>Source</Filter>
    </QtMoc>
    <QtMoc Include="source\common\StatusBarButton.hpp">
      <Filter>Source\Common</Filter>
    </QtMoc>
    <QtMoc Include="source\menu\VersionChecker.hpp">
      <Filter>Source\Menu</Filter>
    </QtMoc>
    <QtMoc Include="source\menu\MenuPopup.hpp">
      <Filter>Source\Menu</Filter>
    </QtMoc>
    <QtMoc Include="source\user\User.hpp">
      <Filter>Source\User</Filter>
    </QtMoc>
  </ItemGroup>
  <ItemGroup>
    <ClCompile Include="source\Main.cpp">
      <Filter>Source</Filter>
    </ClCompile>
    <ClCompile Include="source\MainWindow.cpp">
      <Filter>Source</Filter>
    </ClCompile>
    <ClCompile Include="source\splitter\Splitter.cpp">
      <Filter>Source\Splitter</Filter>
    </ClCompile>
    <ClCompile Include="source\editor\LineNumberArea.cpp">
      <Filter>Source\Editor</Filter>
    </ClCompile>
    <ClCompile Include="source\editor\TrueEditor.cpp">
      <Filter>Source\Editor</Filter>
    </ClCompile>
    <ClCompile Include="source\Meter.cpp">
      <Filter>Source</Filter>
    </ClCompile>
    <ClCompile Include="source\Indicator.cpp">
      <Filter>Source</Filter>
    </ClCompile>
    <ClCompile Include="source\tree\TreeView.cpp">
      <Filter>Source\Tree</Filter>
    </ClCompile>
    <ClCompile Include="source\menu\MenuBar.cpp">
      <Filter>Source\Menu</Filter>
    </ClCompile>
    <ClCompile Include="source\Stylist.cpp">
      <Filter>Source</Filter>
    </ClCompile>
  </ItemGroup>
  <ItemGroup>
    <ClInclude Include="source\preview\WebDocument.hpp">
      <Filter>Source\Preview</Filter>
    </ClInclude>
    <ClInclude Include="source\preview\WebEnginePage.hpp">
      <Filter>Source\Preview</Filter>
    </ClInclude>
    <ClInclude Include="source\preview\WebEngineView.hpp">
      <Filter>Source\Preview</Filter>
    </ClInclude>
    <ClInclude Include="source\preview\Preview.hpp">
      <Filter>Source\Preview</Filter>
    </ClInclude>
    <ClInclude Include="source\splitter\SplitterHandle.hpp">
      <Filter>Source\Splitter</Filter>
    </ClInclude>
    <ClInclude Include="source\Version.hpp">
      <Filter>Source</Filter>
    </ClInclude>
    <ClInclude Include="source\editor\LineNumberArea.h">
      <Filter>Source\Editor</Filter>
    </ClInclude>
    <ClInclude Include="source\tree\StyledItemDelegate.hpp">
      <Filter>Source\Tree</Filter>
    </ClInclude>
    <ClInclude Include="source\tree\TreeView.h">
      <Filter>Source\Tree</Filter>
    </ClInclude>
    <ClInclude Include="source\common\Layout.hpp">
      <Filter>Source\Common</Filter>
    </ClInclude>
    <ClInclude Include="source\common\Io.hpp">
      <Filter>Source\Common</Filter>
    </ClInclude>
    <ClInclude Include="source\Meter.h">
      <Filter>Source</Filter>
    </ClInclude>
    <ClInclude Include="source\StatusBar.hpp">
      <Filter>Source</Filter>
    </ClInclude>
    <ClInclude Include="source\menu\MenuBar.h">
      <Filter>Source\Menu</Filter>
    </ClInclude>
    <ClInclude Include="source\menu\LiveFontDialog.hpp">
      <Filter>Source\Menu</Filter>
    </ClInclude>
    <ClInclude Include="source\menu\PopupText.hpp">
      <Filter>Source\Menu</Filter>
    </ClInclude>
    <ClInclude Include="source\common\HtmlString.hpp">
      <Filter>Source\Common</Filter>
    </ClInclude>
    <ClInclude Include="source\Stylist.h">
      <Filter>Source</Filter>
    </ClInclude>
    <ClInclude Include="source\common\Path.hpp">
      <Filter>Source\Common</Filter>
    </ClInclude>
    <ClInclude Include="source\user\Settings.hpp">
      <Filter>Source\User</Filter>
    </ClInclude>
  </ItemGroup>
  <ItemGroup>
    <ResourceCompile Include="resources\Resource.rc">
      <Filter>Resources</Filter>
    </ResourceCompile>
  </ItemGroup>
  <ItemGroup>
    <QtRcc Include="resources\MenuBar.qrc">
      <Filter>Resources</Filter>
    </QtRcc>
    <QtRcc Include="resources\Stylist.qrc">
      <Filter>Resources</Filter>
    </QtRcc>
  </ItemGroup>
</Project>