<?xml version="1.0" encoding="utf-8"?>
<Project ToolsVersion="4.0" xmlns="http://schemas.microsoft.com/developer/msbuild/2003">
  <ItemGroup>
    <Filter Include="Source">
      <UniqueIdentifier>{de594d42-17e5-4334-9336-e18f206ba8df}</UniqueIdentifier>
    </Filter>
    <Filter Include="Notes">
      <UniqueIdentifier>{7ecb5f03-6ed4-4a03-926c-a0d954b716e2}</UniqueIdentifier>
    </Filter>
    <Filter Include="Resources">
      <UniqueIdentifier>{fb585d74-dbe7-4e91-a400-a8098bb4e5cc}</UniqueIdentifier>
    </Filter>
    <Filter Include="Source\Common">
      <UniqueIdentifier>{df7b1a73-8c98-4ba0-92d2-ae6d23ef3919}</UniqueIdentifier>
    </Filter>
    <Filter Include="Source\Documents">
      <UniqueIdentifier>{8dd96f4f-213c-4b40-8001-a084da4e840d}</UniqueIdentifier>
    </Filter>
    <Filter Include="Source\Menu">
      <UniqueIdentifier>{744f55ac-db11-4efe-b3a4-ef6548a47110}</UniqueIdentifier>
    </Filter>
    <Filter Include="Source\Window">
      <UniqueIdentifier>{5c6e0083-9acf-412f-b28e-db8c8f35ef4d}</UniqueIdentifier>
    </Filter>
    <Filter Include="Source\Window\Editor">
      <UniqueIdentifier>{a1cd0fb5-41ce-42b5-9969-52cf2293ea14}</UniqueIdentifier>
    </Filter>
    <Filter Include="Source\Window\Meter">
      <UniqueIdentifier>{7433d8b9-06c5-46fe-9c14-4b55ea14cbb5}</UniqueIdentifier>
    </Filter>
    <Filter Include="Source\Window\Page Area">
      <UniqueIdentifier>{2eebd235-46e5-4680-982e-8d0009d92643}</UniqueIdentifier>
    </Filter>
    <Filter Include="Source\Window\Tree View">
      <UniqueIdentifier>{66d1c092-09c1-4e81-993a-062235861e1a}</UniqueIdentifier>
    </Filter>
  </ItemGroup>
  <ItemGroup>
    <None Include="notes\Visual Studio settings.md">
      <Filter>Notes</Filter>
    </None>
    <None Include="cpp.hint" />
    <None Include="..\README.md" />
    <None Include="..\Doxyfile" />
    <None Include="..\.gitignore" />
    <None Include="notes\Clean-up checklist.md">
      <Filter>Notes</Filter>
    </None>
  </ItemGroup>
  <ItemGroup>
    <QtRcc Include="external\External.qrc">
      <Filter>Resources</Filter>
    </QtRcc>
    <QtRcc Include="resources\test\Test.qrc">
      <Filter>Resources</Filter>
    </QtRcc>
  </ItemGroup>
  <ItemGroup>
    <ResourceCompile Include="resources\Resources.rc">
      <Filter>Resources</Filter>
    </ResourceCompile>
  </ItemGroup>
  <ItemGroup>
    <Text Include="notes\Test copy.cpp">
      <Filter>Notes</Filter>
    </Text>
  </ItemGroup>
  <ItemGroup>
    <ClCompile Include="source\documents\Document.cpp">
      <Filter>Source\Documents</Filter>
    </ClCompile>
    <ClCompile Include="source\window\Window.cpp">
      <Filter>Source\Window</Filter>
    </ClCompile>
    <ClCompile Include="source\window\tree-view\TreeView.cpp">
      <Filter>Source\Window\Tree View</Filter>
    </ClCompile>
    <ClCompile Include="source\window\page-area\PageArea.cpp">
      <Filter>Source\Window\Page Area</Filter>
    </ClCompile>
    <ClCompile Include="source\window\page-area\TabBar.cpp">
      <Filter>Source\Window\Page Area</Filter>
    </ClCompile>
    <ClCompile Include="source\window\page-area\TabControlBox.cpp">
      <Filter>Source\Window\Page Area</Filter>
    </ClCompile>
    <ClCompile Include="source\window\meter\Meter.cpp">
      <Filter>Source\Window\Meter</Filter>
    </ClCompile>
    <ClCompile Include="source\window\editor\Editor.cpp">
      <Filter>Source\Window\Editor</Filter>
    </ClCompile>
    <ClCompile Include="source\Fernanda.cpp">
      <Filter>Source</Filter>
    </ClCompile>
    <ClCompile Include="source\Main.cpp">
      <Filter>Source</Filter>
    </ClCompile>
    <ClCompile Include="source\window\WindowSettings.cpp">
      <Filter>Source\Window</Filter>
    </ClCompile>
  </ItemGroup>
  <ItemGroup>
    <QtMoc Include="source\common\IniWriter.hpp">
      <Filter>Source\Common</Filter>
    </QtMoc>
    <QtMoc Include="source\documents\Document.h">
      <Filter>Source\Documents</Filter>
    </QtMoc>
    <QtMoc Include="source\window\Window.h">
      <Filter>Source\Window</Filter>
    </QtMoc>
    <QtMoc Include="source\window\tree-view\TreeView.h">
      <Filter>Source\Window\Tree View</Filter>
    </QtMoc>
    <QtMoc Include="source\window\page-area\PageArea.h">
      <Filter>Source\Window\Page Area</Filter>
    </QtMoc>
    <QtMoc Include="source\window\page-area\PageAreaStack.hpp">
      <Filter>Source\Window\Page Area</Filter>
    </QtMoc>
    <QtMoc Include="source\window\page-area\TabBar.h">
      <Filter>Source\Window\Page Area</Filter>
    </QtMoc>
    <QtMoc Include="source\window\page-area\TabCloseButton.hpp">
      <Filter>Source\Window\Page Area</Filter>
    </QtMoc>
    <QtMoc Include="source\window\page-area\TabControlBox.h">
      <Filter>Source\Window\Page Area</Filter>
    </QtMoc>
    <QtMoc Include="source\window\meter\Meter.h">
      <Filter>Source\Window\Meter</Filter>
    </QtMoc>
    <QtMoc Include="source\window\editor\Editor.h">
      <Filter>Source\Window\Editor</Filter>
    </QtMoc>
    <QtMoc Include="source\Fernanda.h">
      <Filter>Source</Filter>
    </QtMoc>
    <QtMoc Include="source\StartCop.hpp">
      <Filter>Source</Filter>
    </QtMoc>
    <QtMoc Include="source\window\WindowSettings.h">
      <Filter>Source\Window</Filter>
    </QtMoc>
    <QtMoc Include="source\menu\SettingsMaps.hpp">
      <Filter>Source\Menu</Filter>
    </QtMoc>
    <QtMoc Include="source\menu\ActionsUIBoxes.hpp">
      <Filter>Source\Menu</Filter>
    </QtMoc>
  </ItemGroup>
  <ItemGroup>
    <ClInclude Include="source\common\Connect.hpp">
      <Filter>Source\Common</Filter>
    </ClInclude>
    <ClInclude Include="source\common\Fx.hpp">
      <Filter>Source\Common</Filter>
    </ClInclude>
    <ClInclude Include="source\common\Image.hpp">
      <Filter>Source\Common</Filter>
    </ClInclude>
    <ClInclude Include="source\common\Io.hpp">
      <Filter>Source\Common</Filter>
    </ClInclude>
    <ClInclude Include="source\common\Layout.hpp">
      <Filter>Source\Common</Filter>
    </ClInclude>
    <ClInclude Include="source\common\Path.hpp">
      <Filter>Source\Common</Filter>
    </ClInclude>
    <ClInclude Include="source\common\UiButton.hpp">
      <Filter>Source\Common</Filter>
    </ClInclude>
    <ClInclude Include="source\common\WeirdMap.hpp">
      <Filter>Source\Common</Filter>
    </ClInclude>
  </ItemGroup>
</Project>